// !$*UTF8*$!
{
	archiveVersion = 1;
	classes = {
	};
	objectVersion = 46;
	objects = {

/* Begin PBXBuildFile section */
		2F3457C91D261AAE00E98644 /* RWWebViewController.m in Sources */ = {isa = PBXBuildFile; fileRef = 2F3457C81D261AAE00E98644 /* RWWebViewController.m */; };
		2F3457CD1D2622A300E98644 /* RWWebViewMessageHandler.m in Sources */ = {isa = PBXBuildFile; fileRef = 2F3457CC1D2622A300E98644 /* RWWebViewMessageHandler.m */; };
		2F3457CF1D26548D00E98644 /* TestJS.js in Resources */ = {isa = PBXBuildFile; fileRef = 2F3457CE1D26548D00E98644 /* TestJS.js */; };
		2F3457D21D26757C00E98644 /* WebViewController.m in Sources */ = {isa = PBXBuildFile; fileRef = 2F3457D11D26757C00E98644 /* WebViewController.m */; };
		2F3457D51D267A8D00E98644 /* UINavigationBar+RWWebProgress.m in Sources */ = {isa = PBXBuildFile; fileRef = 2F3457D41D267A8D00E98644 /* UINavigationBar+RWWebProgress.m */; };
		2F3457D91D2687D200E98644 /* RWWebProgressView.m in Sources */ = {isa = PBXBuildFile; fileRef = 2F3457D81D2687D200E98644 /* RWWebProgressView.m */; };
		2F3AFF5B1C969D33000EBEDE /* main.m in Sources */ = {isa = PBXBuildFile; fileRef = 2F3AFF5A1C969D33000EBEDE /* main.m */; };
		2F3AFF5E1C969D33000EBEDE /* AppDelegate.m in Sources */ = {isa = PBXBuildFile; fileRef = 2F3AFF5D1C969D33000EBEDE /* AppDelegate.m */; };
		2F3AFF661C969D33000EBEDE /* Assets.xcassets in Resources */ = {isa = PBXBuildFile; fileRef = 2F3AFF651C969D33000EBEDE /* Assets.xcassets */; };
		2F3AFF691C969D33000EBEDE /* LaunchScreen.storyboard in Resources */ = {isa = PBXBuildFile; fileRef = 2F3AFF671C969D33000EBEDE /* LaunchScreen.storyboard */; };
		2F3AFF741C969D33000EBEDE /* DemoTests.m in Sources */ = {isa = PBXBuildFile; fileRef = 2F3AFF731C969D33000EBEDE /* DemoTests.m */; };
		2F3AFF7F1C969D33000EBEDE /* DemoUITests.m in Sources */ = {isa = PBXBuildFile; fileRef = 2F3AFF7E1C969D33000EBEDE /* DemoUITests.m */; };
		2F3AFF8E1C969DE7000EBEDE /* ViewController.m in Sources */ = {isa = PBXBuildFile; fileRef = 2F3AFF8D1C969DE7000EBEDE /* ViewController.m */; };
		2F3AFF951C96A209000EBEDE /* RootViewController.m in Sources */ = {isa = PBXBuildFile; fileRef = 2F3AFF941C96A209000EBEDE /* RootViewController.m */; };
		F1BAB9A09D2B8C7533B25449 /* Pods.framework in Frameworks */ = {isa = PBXBuildFile; fileRef = 17352F0E6D41B7724E4CE3BC /* Pods.framework */; };
/* End PBXBuildFile section */

/* Begin PBXContainerItemProxy section */
		2F3AFF701C969D33000EBEDE /* PBXContainerItemProxy */ = {
			isa = PBXContainerItemProxy;
			containerPortal = 2F3AFF4E1C969D33000EBEDE /* Project object */;
			proxyType = 1;
			remoteGlobalIDString = 2F3AFF551C969D33000EBEDE;
			remoteInfo = Demo;
		};
		2F3AFF7B1C969D33000EBEDE /* PBXContainerItemProxy */ = {
			isa = PBXContainerItemProxy;
			containerPortal = 2F3AFF4E1C969D33000EBEDE /* Project object */;
			proxyType = 1;
			remoteGlobalIDString = 2F3AFF551C969D33000EBEDE;
			remoteInfo = Demo;
		};
/* End PBXContainerItemProxy section */

/* Begin PBXFileReference section */
		17352F0E6D41B7724E4CE3BC /* Pods.framework */ = {isa = PBXFileReference; explicitFileType = wrapper.framework; includeInIndex = 0; path = Pods.framework; sourceTree = BUILT_PRODUCTS_DIR; };
		2F3457C71D261AAE00E98644 /* RWWebViewController.h */ = {isa = PBXFileReference; fileEncoding = 4; lastKnownFileType = sourcecode.c.h; path = RWWebViewController.h; sourceTree = "<group>"; };
		2F3457C81D261AAE00E98644 /* RWWebViewController.m */ = {isa = PBXFileReference; fileEncoding = 4; lastKnownFileType = sourcecode.c.objc; path = RWWebViewController.m; sourceTree = "<group>"; };
		2F3457CA1D261B2E00E98644 /* RWWebViewController_Protect.h */ = {isa = PBXFileReference; fileEncoding = 4; lastKnownFileType = sourcecode.c.h; path = RWWebViewController_Protect.h; sourceTree = "<group>"; };
		2F3457CB1D2622A300E98644 /* RWWebViewMessageHandler.h */ = {isa = PBXFileReference; fileEncoding = 4; lastKnownFileType = sourcecode.c.h; path = RWWebViewMessageHandler.h; sourceTree = "<group>"; };
		2F3457CC1D2622A300E98644 /* RWWebViewMessageHandler.m */ = {isa = PBXFileReference; fileEncoding = 4; lastKnownFileType = sourcecode.c.objc; path = RWWebViewMessageHandler.m; sourceTree = "<group>"; };
		2F3457CE1D26548D00E98644 /* TestJS.js */ = {isa = PBXFileReference; fileEncoding = 4; lastKnownFileType = sourcecode.javascript; path = TestJS.js; sourceTree = "<group>"; };
		2F3457D01D26757C00E98644 /* WebViewController.h */ = {isa = PBXFileReference; fileEncoding = 4; lastKnownFileType = sourcecode.c.h; path = WebViewController.h; sourceTree = "<group>"; };
		2F3457D11D26757C00E98644 /* WebViewController.m */ = {isa = PBXFileReference; fileEncoding = 4; lastKnownFileType = sourcecode.c.objc; path = WebViewController.m; sourceTree = "<group>"; };
		2F3457D31D267A8D00E98644 /* UINavigationBar+RWWebProgress.h */ = {isa = PBXFileReference; fileEncoding = 4; lastKnownFileType = sourcecode.c.h; path = "UINavigationBar+RWWebProgress.h"; sourceTree = "<group>"; };
		2F3457D41D267A8D00E98644 /* UINavigationBar+RWWebProgress.m */ = {isa = PBXFileReference; fileEncoding = 4; lastKnownFileType = sourcecode.c.objc; path = "UINavigationBar+RWWebProgress.m"; sourceTree = "<group>"; };
		2F3457D71D2687D200E98644 /* RWWebProgressView.h */ = {isa = PBXFileReference; fileEncoding = 4; lastKnownFileType = sourcecode.c.h; path = RWWebProgressView.h; sourceTree = "<group>"; };
		2F3457D81D2687D200E98644 /* RWWebProgressView.m */ = {isa = PBXFileReference; fileEncoding = 4; lastKnownFileType = sourcecode.c.objc; path = RWWebProgressView.m; sourceTree = "<group>"; };
		2F3AFF561C969D33000EBEDE /* Demo.app */ = {isa = PBXFileReference; explicitFileType = wrapper.application; includeInIndex = 0; path = Demo.app; sourceTree = BUILT_PRODUCTS_DIR; };
		2F3AFF5A1C969D33000EBEDE /* main.m */ = {isa = PBXFileReference; lastKnownFileType = sourcecode.c.objc; path = main.m; sourceTree = "<group>"; };
		2F3AFF5C1C969D33000EBEDE /* AppDelegate.h */ = {isa = PBXFileReference; lastKnownFileType = sourcecode.c.h; path = AppDelegate.h; sourceTree = "<group>"; };
		2F3AFF5D1C969D33000EBEDE /* AppDelegate.m */ = {isa = PBXFileReference; lastKnownFileType = sourcecode.c.objc; path = AppDelegate.m; sourceTree = "<group>"; };
		2F3AFF651C969D33000EBEDE /* Assets.xcassets */ = {isa = PBXFileReference; lastKnownFileType = folder.assetcatalog; path = Assets.xcassets; sourceTree = "<group>"; };
		2F3AFF681C969D33000EBEDE /* Base */ = {isa = PBXFileReference; lastKnownFileType = file.storyboard; name = Base; path = Base.lproj/LaunchScreen.storyboard; sourceTree = "<group>"; };
		2F3AFF6A1C969D33000EBEDE /* Info.plist */ = {isa = PBXFileReference; lastKnownFileType = text.plist.xml; path = Info.plist; sourceTree = "<group>"; };
		2F3AFF6F1C969D33000EBEDE /* DemoTests.xctest */ = {isa = PBXFileReference; explicitFileType = wrapper.cfbundle; includeInIndex = 0; path = DemoTests.xctest; sourceTree = BUILT_PRODUCTS_DIR; };
		2F3AFF731C969D33000EBEDE /* DemoTests.m */ = {isa = PBXFileReference; lastKnownFileType = sourcecode.c.objc; path = DemoTests.m; sourceTree = "<group>"; };
		2F3AFF751C969D33000EBEDE /* Info.plist */ = {isa = PBXFileReference; lastKnownFileType = text.plist.xml; path = Info.plist; sourceTree = "<group>"; };
		2F3AFF7A1C969D33000EBEDE /* DemoUITests.xctest */ = {isa = PBXFileReference; explicitFileType = wrapper.cfbundle; includeInIndex = 0; path = DemoUITests.xctest; sourceTree = BUILT_PRODUCTS_DIR; };
		2F3AFF7E1C969D33000EBEDE /* DemoUITests.m */ = {isa = PBXFileReference; lastKnownFileType = sourcecode.c.objc; path = DemoUITests.m; sourceTree = "<group>"; };
		2F3AFF801C969D33000EBEDE /* Info.plist */ = {isa = PBXFileReference; lastKnownFileType = text.plist.xml; path = Info.plist; sourceTree = "<group>"; };
		2F3AFF8C1C969DE7000EBEDE /* ViewController.h */ = {isa = PBXFileReference; fileEncoding = 4; lastKnownFileType = sourcecode.c.h; path = ViewController.h; sourceTree = "<group>"; };
		2F3AFF8D1C969DE7000EBEDE /* ViewController.m */ = {isa = PBXFileReference; fileEncoding = 4; lastKnownFileType = sourcecode.c.objc; path = ViewController.m; sourceTree = "<group>"; };
		2F3AFF931C96A209000EBEDE /* RootViewController.h */ = {isa = PBXFileReference; fileEncoding = 4; lastKnownFileType = sourcecode.c.h; path = RootViewController.h; sourceTree = "<group>"; };
		2F3AFF941C96A209000EBEDE /* RootViewController.m */ = {isa = PBXFileReference; fileEncoding = 4; lastKnownFileType = sourcecode.c.objc; path = RootViewController.m; sourceTree = "<group>"; };
		75C2035CD031185CE9A43B76 /* Pods.debug.xcconfig */ = {isa = PBXFileReference; includeInIndex = 1; lastKnownFileType = text.xcconfig; name = Pods.debug.xcconfig; path = "Pods/Target Support Files/Pods/Pods.debug.xcconfig"; sourceTree = "<group>"; };
		CBCCD14609316E264D217634 /* Pods.release.xcconfig */ = {isa = PBXFileReference; includeInIndex = 1; lastKnownFileType = text.xcconfig; name = Pods.release.xcconfig; path = "Pods/Target Support Files/Pods/Pods.release.xcconfig"; sourceTree = "<group>"; };
/* End PBXFileReference section */

/* Begin PBXFrameworksBuildPhase section */
		2F3AFF531C969D33000EBEDE /* Frameworks */ = {
			isa = PBXFrameworksBuildPhase;
			buildActionMask = 2147483647;
			files = (
				F1BAB9A09D2B8C7533B25449 /* Pods.framework in Frameworks */,
			);
			runOnlyForDeploymentPostprocessing = 0;
		};
		2F3AFF6C1C969D33000EBEDE /* Frameworks */ = {
			isa = PBXFrameworksBuildPhase;
			buildActionMask = 2147483647;
			files = (
			);
			runOnlyForDeploymentPostprocessing = 0;
		};
		2F3AFF771C969D33000EBEDE /* Frameworks */ = {
			isa = PBXFrameworksBuildPhase;
			buildActionMask = 2147483647;
			files = (
			);
			runOnlyForDeploymentPostprocessing = 0;
		};
/* End PBXFrameworksBuildPhase section */

/* Begin PBXGroup section */
		2F0EF7C11C9FCA5F000EC080 /* Base */ = {
			isa = PBXGroup;
			children = (
				2F3AFF8C1C969DE7000EBEDE /* ViewController.h */,
				2F3AFF8D1C969DE7000EBEDE /* ViewController.m */,
			);
			name = Base;
			sourceTree = "<group>";
		};
		2F3457C61D261A9900E98644 /* WebView */ = {
			isa = PBXGroup;
			children = (
				2F3457D61D267AA900E98644 /* ProgressView */,
				2F3457C71D261AAE00E98644 /* RWWebViewController.h */,
				2F3457C81D261AAE00E98644 /* RWWebViewController.m */,
				2F3457CA1D261B2E00E98644 /* RWWebViewController_Protect.h */,
				2F3457CB1D2622A300E98644 /* RWWebViewMessageHandler.h */,
				2F3457CC1D2622A300E98644 /* RWWebViewMessageHandler.m */,
				2F3457D31D267A8D00E98644 /* UINavigationBar+RWWebProgress.h */,
				2F3457D41D267A8D00E98644 /* UINavigationBar+RWWebProgress.m */,
			);
			path = WebView;
			sourceTree = "<group>";
		};
		2F3457D61D267AA900E98644 /* ProgressView */ = {
			isa = PBXGroup;
			children = (
				2F3457D71D2687D200E98644 /* RWWebProgressView.h */,
				2F3457D81D2687D200E98644 /* RWWebProgressView.m */,
			);
			path = ProgressView;
			sourceTree = "<group>";
		};
		2F3AFF4D1C969D33000EBEDE = {
			isa = PBXGroup;
			children = (
				2F3AFF581C969D33000EBEDE /* Demo */,
				2F3AFF721C969D33000EBEDE /* DemoTests */,
				2F3AFF7D1C969D33000EBEDE /* DemoUITests */,
				2F3AFF571C969D33000EBEDE /* Products */,
				E4625668BCE3DDAAC850FA50 /* Pods */,
				6B7E64FA63A607516F8C8F50 /* Frameworks */,
			);
			sourceTree = "<group>";
		};
		2F3AFF571C969D33000EBEDE /* Products */ = {
			isa = PBXGroup;
			children = (
				2F3AFF561C969D33000EBEDE /* Demo.app */,
				2F3AFF6F1C969D33000EBEDE /* DemoTests.xctest */,
				2F3AFF7A1C969D33000EBEDE /* DemoUITests.xctest */,
			);
			name = Products;
			sourceTree = "<group>";
		};
		2F3AFF581C969D33000EBEDE /* Demo */ = {
			isa = PBXGroup;
			children = (
				2F3457C61D261A9900E98644 /* WebView */,
				2F0EF7C11C9FCA5F000EC080 /* Base */,
				2F3AFF5C1C969D33000EBEDE /* AppDelegate.h */,
				2F3AFF5D1C969D33000EBEDE /* AppDelegate.m */,
				2F3AFF931C96A209000EBEDE /* RootViewController.h */,
				2F3AFF941C96A209000EBEDE /* RootViewController.m */,
				2F3457D01D26757C00E98644 /* WebViewController.h */,
				2F3457D11D26757C00E98644 /* WebViewController.m */,
				2F3457CE1D26548D00E98644 /* TestJS.js */,
				2F3AFF651C969D33000EBEDE /* Assets.xcassets */,
				2F3AFF671C969D33000EBEDE /* LaunchScreen.storyboard */,
				2F3AFF6A1C969D33000EBEDE /* Info.plist */,
				2F3AFF591C969D33000EBEDE /* Supporting Files */,
			);
			path = Demo;
			sourceTree = "<group>";
		};
		2F3AFF591C969D33000EBEDE /* Supporting Files */ = {
			isa = PBXGroup;
			children = (
				2F3AFF5A1C969D33000EBEDE /* main.m */,
			);
			name = "Supporting Files";
			sourceTree = "<group>";
		};
		2F3AFF721C969D33000EBEDE /* DemoTests */ = {
			isa = PBXGroup;
			children = (
				2F3AFF731C969D33000EBEDE /* DemoTests.m */,
				2F3AFF751C969D33000EBEDE /* Info.plist */,
			);
			path = DemoTests;
			sourceTree = "<group>";
		};
		2F3AFF7D1C969D33000EBEDE /* DemoUITests */ = {
			isa = PBXGroup;
			children = (
				2F3AFF7E1C969D33000EBEDE /* DemoUITests.m */,
				2F3AFF801C969D33000EBEDE /* Info.plist */,
			);
			path = DemoUITests;
			sourceTree = "<group>";
		};
		6B7E64FA63A607516F8C8F50 /* Frameworks */ = {
			isa = PBXGroup;
			children = (
				17352F0E6D41B7724E4CE3BC /* Pods.framework */,
			);
			name = Frameworks;
			sourceTree = "<group>";
		};
		E4625668BCE3DDAAC850FA50 /* Pods */ = {
			isa = PBXGroup;
			children = (
				75C2035CD031185CE9A43B76 /* Pods.debug.xcconfig */,
				CBCCD14609316E264D217634 /* Pods.release.xcconfig */,
			);
			name = Pods;
			sourceTree = "<group>";
		};
/* End PBXGroup section */

/* Begin PBXNativeTarget section */
		2F3AFF551C969D33000EBEDE /* Demo */ = {
			isa = PBXNativeTarget;
			buildConfigurationList = 2F3AFF831C969D33000EBEDE /* Build configuration list for PBXNativeTarget "Demo" */;
			buildPhases = (
				35B69B98DCF606A21E6A3E14 /* Check Pods Manifest.lock */,
				2F3AFF521C969D33000EBEDE /* Sources */,
				2F3AFF531C969D33000EBEDE /* Frameworks */,
				2F3AFF541C969D33000EBEDE /* Resources */,
				9869816BAA59B3425E2077F0 /* Embed Pods Frameworks */,
				4DEE13CED5972908C02F1F30 /* Copy Pods Resources */,
			);
			buildRules = (
			);
			dependencies = (
			);
			name = Demo;
			productName = Demo;
			productReference = 2F3AFF561C969D33000EBEDE /* Demo.app */;
			productType = "com.apple.product-type.application";
		};
		2F3AFF6E1C969D33000EBEDE /* DemoTests */ = {
			isa = PBXNativeTarget;
			buildConfigurationList = 2F3AFF861C969D33000EBEDE /* Build configuration list for PBXNativeTarget "DemoTests" */;
			buildPhases = (
				2F3AFF6B1C969D33000EBEDE /* Sources */,
				2F3AFF6C1C969D33000EBEDE /* Frameworks */,
				2F3AFF6D1C969D33000EBEDE /* Resources */,
			);
			buildRules = (
			);
			dependencies = (
				2F3AFF711C969D33000EBEDE /* PBXTargetDependency */,
			);
			name = DemoTests;
			productName = DemoTests;
			productReference = 2F3AFF6F1C969D33000EBEDE /* DemoTests.xctest */;
			productType = "com.apple.product-type.bundle.unit-test";
		};
		2F3AFF791C969D33000EBEDE /* DemoUITests */ = {
			isa = PBXNativeTarget;
			buildConfigurationList = 2F3AFF891C969D33000EBEDE /* Build configuration list for PBXNativeTarget "DemoUITests" */;
			buildPhases = (
				2F3AFF761C969D33000EBEDE /* Sources */,
				2F3AFF771C969D33000EBEDE /* Frameworks */,
				2F3AFF781C969D33000EBEDE /* Resources */,
			);
			buildRules = (
			);
			dependencies = (
				2F3AFF7C1C969D33000EBEDE /* PBXTargetDependency */,
			);
			name = DemoUITests;
			productName = DemoUITests;
			productReference = 2F3AFF7A1C969D33000EBEDE /* DemoUITests.xctest */;
			productType = "com.apple.product-type.bundle.ui-testing";
		};
/* End PBXNativeTarget section */

/* Begin PBXProject section */
		2F3AFF4E1C969D33000EBEDE /* Project object */ = {
			isa = PBXProject;
			attributes = {
				LastUpgradeCheck = 0720;
				ORGANIZATIONNAME = "许宗城";
				TargetAttributes = {
					2F3AFF551C969D33000EBEDE = {
						CreatedOnToolsVersion = 7.2;
						DevelopmentTeam = JUV62U27LP;
					};
					2F3AFF6E1C969D33000EBEDE = {
						CreatedOnToolsVersion = 7.2;
						TestTargetID = 2F3AFF551C969D33000EBEDE;
					};
					2F3AFF791C969D33000EBEDE = {
						CreatedOnToolsVersion = 7.2;
						TestTargetID = 2F3AFF551C969D33000EBEDE;
					};
				};
			};
			buildConfigurationList = 2F3AFF511C969D33000EBEDE /* Build configuration list for PBXProject "Demo" */;
			compatibilityVersion = "Xcode 3.2";
			developmentRegion = English;
			hasScannedForEncodings = 0;
			knownRegions = (
				en,
				Base,
			);
			mainGroup = 2F3AFF4D1C969D33000EBEDE;
			productRefGroup = 2F3AFF571C969D33000EBEDE /* Products */;
			projectDirPath = "";
			projectRoot = "";
			targets = (
				2F3AFF551C969D33000EBEDE /* Demo */,
				2F3AFF6E1C969D33000EBEDE /* DemoTests */,
				2F3AFF791C969D33000EBEDE /* DemoUITests */,
			);
		};
/* End PBXProject section */

/* Begin PBXResourcesBuildPhase section */
		2F3AFF541C969D33000EBEDE /* Resources */ = {
			isa = PBXResourcesBuildPhase;
			buildActionMask = 2147483647;
			files = (
				2F3457CF1D26548D00E98644 /* TestJS.js in Resources */,
				2F3AFF691C969D33000EBEDE /* LaunchScreen.storyboard in Resources */,
				2F3AFF661C969D33000EBEDE /* Assets.xcassets in Resources */,
			);
			runOnlyForDeploymentPostprocessing = 0;
		};
		2F3AFF6D1C969D33000EBEDE /* Resources */ = {
			isa = PBXResourcesBuildPhase;
			buildActionMask = 2147483647;
			files = (
			);
			runOnlyForDeploymentPostprocessing = 0;
		};
		2F3AFF781C969D33000EBEDE /* Resources */ = {
			isa = PBXResourcesBuildPhase;
			buildActionMask = 2147483647;
			files = (
			);
			runOnlyForDeploymentPostprocessing = 0;
		};
/* End PBXResourcesBuildPhase section */

/* Begin PBXShellScriptBuildPhase section */
		35B69B98DCF606A21E6A3E14 /* Check Pods Manifest.lock */ = {
			isa = PBXShellScriptBuildPhase;
			buildActionMask = 2147483647;
			files = (
			);
			inputPaths = (
			);
			name = "Check Pods Manifest.lock";
			outputPaths = (
			);
			runOnlyForDeploymentPostprocessing = 0;
			shellPath = /bin/sh;
			shellScript = "diff \"${PODS_ROOT}/../Podfile.lock\" \"${PODS_ROOT}/Manifest.lock\" > /dev/null\nif [[ $? != 0 ]] ; then\n    cat << EOM\nerror: The sandbox is not in sync with the Podfile.lock. Run 'pod install' or update your CocoaPods installation.\nEOM\n    exit 1\nfi\n";
			showEnvVarsInLog = 0;
		};
		4DEE13CED5972908C02F1F30 /* Copy Pods Resources */ = {
			isa = PBXShellScriptBuildPhase;
			buildActionMask = 2147483647;
			files = (
			);
			inputPaths = (
			);
			name = "Copy Pods Resources";
			outputPaths = (
			);
			runOnlyForDeploymentPostprocessing = 0;
			shellPath = /bin/sh;
			shellScript = "\"${SRCROOT}/Pods/Target Support Files/Pods/Pods-resources.sh\"\n";
			showEnvVarsInLog = 0;
		};
		9869816BAA59B3425E2077F0 /* Embed Pods Frameworks */ = {
			isa = PBXShellScriptBuildPhase;
			buildActionMask = 2147483647;
			files = (
			);
			inputPaths = (
			);
			name = "Embed Pods Frameworks";
			outputPaths = (
			);
			runOnlyForDeploymentPostprocessing = 0;
			shellPath = /bin/sh;
			shellScript = "\"${SRCROOT}/Pods/Target Support Files/Pods/Pods-frameworks.sh\"\n";
			showEnvVarsInLog = 0;
		};
/* End PBXShellScriptBuildPhase section */

/* Begin PBXSourcesBuildPhase section */
		2F3AFF521C969D33000EBEDE /* Sources */ = {
			isa = PBXSourcesBuildPhase;
			buildActionMask = 2147483647;
			files = (
				2F3AFF5E1C969D33000EBEDE /* AppDelegate.m in Sources */,
				2F3457D21D26757C00E98644 /* WebViewController.m in Sources */,
				2F3457D91D2687D200E98644 /* RWWebProgressView.m in Sources */,
				2F3AFF5B1C969D33000EBEDE /* main.m in Sources */,
				2F3AFF8E1C969DE7000EBEDE /* ViewController.m in Sources */,
				2F3457D51D267A8D00E98644 /* UINavigationBar+RWWebProgress.m in Sources */,
				2F3AFF951C96A209000EBEDE /* RootViewController.m in Sources */,
				2F3457C91D261AAE00E98644 /* RWWebViewController.m in Sources */,
				2F3457CD1D2622A300E98644 /* RWWebViewMessageHandler.m in Sources */,
			);
			runOnlyForDeploymentPostprocessing = 0;
		};
		2F3AFF6B1C969D33000EBEDE /* Sources */ = {
			isa = PBXSourcesBuildPhase;
			buildActionMask = 2147483647;
			files = (
				2F3AFF741C969D33000EBEDE /* DemoTests.m in Sources */,
			);
			runOnlyForDeploymentPostprocessing = 0;
		};
		2F3AFF761C969D33000EBEDE /* Sources */ = {
			isa = PBXSourcesBuildPhase;
			buildActionMask = 2147483647;
			files = (
				2F3AFF7F1C969D33000EBEDE /* DemoUITests.m in Sources */,
			);
			runOnlyForDeploymentPostprocessing = 0;
		};
/* End PBXSourcesBuildPhase section */

/* Begin PBXTargetDependency section */
		2F3AFF711C969D33000EBEDE /* PBXTargetDependency */ = {
			isa = PBXTargetDependency;
			target = 2F3AFF551C969D33000EBEDE /* Demo */;
			targetProxy = 2F3AFF701C969D33000EBEDE /* PBXContainerItemProxy */;
		};
		2F3AFF7C1C969D33000EBEDE /* PBXTargetDependency */ = {
			isa = PBXTargetDependency;
			target = 2F3AFF551C969D33000EBEDE /* Demo */;
			targetProxy = 2F3AFF7B1C969D33000EBEDE /* PBXContainerItemProxy */;
		};
/* End PBXTargetDependency section */

/* Begin PBXVariantGroup section */
		2F3AFF671C969D33000EBEDE /* LaunchScreen.storyboard */ = {
			isa = PBXVariantGroup;
			children = (
				2F3AFF681C969D33000EBEDE /* Base */,
			);
			name = LaunchScreen.storyboard;
			sourceTree = "<group>";
		};
/* End PBXVariantGroup section */

/* Begin XCBuildConfiguration section */
		2F3AFF811C969D33000EBEDE /* Debug */ = {
			isa = XCBuildConfiguration;
			buildSettings = {
				ALWAYS_SEARCH_USER_PATHS = NO;
				CLANG_CXX_LANGUAGE_STANDARD = "gnu++0x";
				CLANG_CXX_LIBRARY = "libc++";
				CLANG_ENABLE_MODULES = YES;
				CLANG_ENABLE_OBJC_ARC = YES;
				CLANG_WARN_BOOL_CONVERSION = YES;
				CLANG_WARN_CONSTANT_CONVERSION = YES;
				CLANG_WARN_DIRECT_OBJC_ISA_USAGE = YES_ERROR;
				CLANG_WARN_EMPTY_BODY = YES;
				CLANG_WARN_ENUM_CONVERSION = YES;
				CLANG_WARN_INT_CONVERSION = YES;
				CLANG_WARN_OBJC_ROOT_CLASS = YES_ERROR;
				CLANG_WARN_UNREACHABLE_CODE = YES;
				CLANG_WARN__DUPLICATE_METHOD_MATCH = YES;
				"CODE_SIGN_IDENTITY[sdk=iphoneos*]" = "iPhone Developer";
				COPY_PHASE_STRIP = NO;
				DEBUG_INFORMATION_FORMAT = dwarf;
				ENABLE_STRICT_OBJC_MSGSEND = YES;
				ENABLE_TESTABILITY = YES;
				GCC_C_LANGUAGE_STANDARD = gnu99;
				GCC_DYNAMIC_NO_PIC = NO;
				GCC_NO_COMMON_BLOCKS = YES;
				GCC_OPTIMIZATION_LEVEL = 0;
				GCC_PREPROCESSOR_DEFINITIONS = (
					"DEBUG=1",
					"$(inherited)",
				);
				GCC_WARN_64_TO_32_BIT_CONVERSION = YES;
				GCC_WARN_ABOUT_RETURN_TYPE = YES_ERROR;
				GCC_WARN_UNDECLARED_SELECTOR = YES;
				GCC_WARN_UNINITIALIZED_AUTOS = YES_AGGRESSIVE;
				GCC_WARN_UNUSED_FUNCTION = YES;
				GCC_WARN_UNUSED_VARIABLE = YES;
				IPHONEOS_DEPLOYMENT_TARGET = 9.2;
				MTL_ENABLE_DEBUG_INFO = YES;
				ONLY_ACTIVE_ARCH = YES;
				SDKROOT = iphoneos;
			};
			name = Debug;
		};
		2F3AFF821C969D33000EBEDE /* Release */ = {
			isa = XCBuildConfiguration;
			buildSettings = {
				ALWAYS_SEARCH_USER_PATHS = NO;
				CLANG_CXX_LANGUAGE_STANDARD = "gnu++0x";
				CLANG_CXX_LIBRARY = "libc++";
				CLANG_ENABLE_MODULES = YES;
				CLANG_ENABLE_OBJC_ARC = YES;
				CLANG_WARN_BOOL_CONVERSION = YES;
				CLANG_WARN_CONSTANT_CONVERSION = YES;
				CLANG_WARN_DIRECT_OBJC_ISA_USAGE = YES_ERROR;
				CLANG_WARN_EMPTY_BODY = YES;
				CLANG_WARN_ENUM_CONVERSION = YES;
				CLANG_WARN_INT_CONVERSION = YES;
				CLANG_WARN_OBJC_ROOT_CLASS = YES_ERROR;
				CLANG_WARN_UNREACHABLE_CODE = YES;
				CLANG_WARN__DUPLICATE_METHOD_MATCH = YES;
				"CODE_SIGN_IDENTITY[sdk=iphoneos*]" = "iPhone Developer";
				COPY_PHASE_STRIP = NO;
				DEBUG_INFORMATION_FORMAT = "dwarf-with-dsym";
				ENABLE_NS_ASSERTIONS = NO;
				ENABLE_STRICT_OBJC_MSGSEND = YES;
				GCC_C_LANGUAGE_STANDARD = gnu99;
				GCC_NO_COMMON_BLOCKS = YES;
				GCC_WARN_64_TO_32_BIT_CONVERSION = YES;
				GCC_WARN_ABOUT_RETURN_TYPE = YES_ERROR;
				GCC_WARN_UNDECLARED_SELECTOR = YES;
				GCC_WARN_UNINITIALIZED_AUTOS = YES_AGGRESSIVE;
				GCC_WARN_UNUSED_FUNCTION = YES;
				GCC_WARN_UNUSED_VARIABLE = YES;
				IPHONEOS_DEPLOYMENT_TARGET = 9.2;
				MTL_ENABLE_DEBUG_INFO = NO;
				SDKROOT = iphoneos;
				VALIDATE_PRODUCT = YES;
			};
			name = Release;
		};
		2F3AFF841C969D33000EBEDE /* Debug */ = {
			isa = XCBuildConfiguration;
			baseConfigurationReference = 75C2035CD031185CE9A43B76 /* Pods.debug.xcconfig */;
			buildSettings = {
				ASSETCATALOG_COMPILER_APPICON_NAME = AppIcon;
				CODE_SIGN_IDENTITY = "iPhone Developer";
				INFOPLIST_FILE = Demo/Info.plist;
				LD_RUNPATH_SEARCH_PATHS = "$(inherited) @executable_path/Frameworks";
				PRODUCT_BUNDLE_IDENTIFIER = com.wkidt.Demo;
				PRODUCT_NAME = "$(TARGET_NAME)";
				PROVISIONING_PROFILE = "835c9c49-8834-49df-8ca5-b656395b77d8";
				USER_HEADER_SEARCH_PATHS = "$(PODS_ROOT)/**";
			};
			name = Debug;
		};
		2F3AFF851C969D33000EBEDE /* Release */ = {
			isa = XCBuildConfiguration;
			baseConfigurationReference = CBCCD14609316E264D217634 /* Pods.release.xcconfig */;
			buildSettings = {
				ASSETCATALOG_COMPILER_APPICON_NAME = AppIcon;
				CODE_SIGN_IDENTITY = "iPhone Developer";
				INFOPLIST_FILE = Demo/Info.plist;
				LD_RUNPATH_SEARCH_PATHS = "$(inherited) @executable_path/Frameworks";
				PRODUCT_BUNDLE_IDENTIFIER = com.wkidt.Demo;
				PRODUCT_NAME = "$(TARGET_NAME)";
				PROVISIONING_PROFILE = "835c9c49-8834-49df-8ca5-b656395b77d8";
				USER_HEADER_SEARCH_PATHS = "$(PODS_ROOT)/**";
			};
			name = Release;
		};
		2F3AFF871C969D33000EBEDE /* Debug */ = {
			isa = XCBuildConfiguration;
			buildSettings = {
				BUNDLE_LOADER = "$(TEST_HOST)";
				INFOPLIST_FILE = DemoTests/Info.plist;
				LD_RUNPATH_SEARCH_PATHS = "$(inherited) @executable_path/Frameworks @loader_path/Frameworks";
				PRODUCT_BUNDLE_IDENTIFIER = com.wkidt.DemoTests;
				PRODUCT_NAME = "$(TARGET_NAME)";
				TEST_HOST = "$(BUILT_PRODUCTS_DIR)/Demo.app/Demo";
			};
			name = Debug;
		};
		2F3AFF881C969D33000EBEDE /* Release */ = {
			isa = XCBuildConfiguration;
			buildSettings = {
				BUNDLE_LOADER = "$(TEST_HOST)";
				INFOPLIST_FILE = DemoTests/Info.plist;
				LD_RUNPATH_SEARCH_PATHS = "$(inherited) @executable_path/Frameworks @loader_path/Frameworks";
				PRODUCT_BUNDLE_IDENTIFIER = com.wkidt.DemoTests;
				PRODUCT_NAME = "$(TARGET_NAME)";
				TEST_HOST = "$(BUILT_PRODUCTS_DIR)/Demo.app/Demo";
			};
			name = Release;
		};
		2F3AFF8A1C969D33000EBEDE /* Debug */ = {
			isa = XCBuildConfiguration;
			buildSettings = {
				INFOPLIST_FILE = DemoUITests/Info.plist;
				LD_RUNPATH_SEARCH_PATHS = "$(inherited) @executable_path/Frameworks @loader_path/Frameworks";
				PRODUCT_BUNDLE_IDENTIFIER = com.wkidt.DemoUITests;
				PRODUCT_NAME = "$(TARGET_NAME)";
				TEST_TARGET_NAME = Demo;
				USES_XCTRUNNER = YES;
			};
			name = Debug;
		};
		2F3AFF8B1C969D33000EBEDE /* Release */ = {
			isa = XCBuildConfiguration;
			buildSettings = {
				INFOPLIST_FILE = DemoUITests/Info.plist;
				LD_RUNPATH_SEARCH_PATHS = "$(inherited) @executable_path/Frameworks @loader_path/Frameworks";
				PRODUCT_BUNDLE_IDENTIFIER = com.wkidt.DemoUITests;
				PRODUCT_NAME = "$(TARGET_NAME)";
				TEST_TARGET_NAME = Demo;
				USES_XCTRUNNER = YES;
			};
			name = Release;
		};
/* End XCBuildConfiguration section */

/* Begin XCConfigurationList section */
		2F3AFF511C969D33000EBEDE /* Build configuration list for PBXProject "Demo" */ = {
			isa = XCConfigurationList;
			buildConfigurations = (
				2F3AFF811C969D33000EBEDE /* Debug */,
				2F3AFF821C969D33000EBEDE /* Release */,
			);
			defaultConfigurationIsVisible = 0;
			defaultConfigurationName = Release;
		};
		2F3AFF831C969D33000EBEDE /* Build configuration list for PBXNativeTarget "Demo" */ = {
			isa = XCConfigurationList;
			buildConfigurations = (
				2F3AFF841C969D33000EBEDE /* Debug */,
				2F3AFF851C969D33000EBEDE /* Release */,
			);
			defaultConfigurationIsVisible = 0;
			defaultConfigurationName = Release;
		};
		2F3AFF861C969D33000EBEDE /* Build configuration list for PBXNativeTarget "DemoTests" */ = {
			isa = XCConfigurationList;
			buildConfigurations = (
				2F3AFF871C969D33000EBEDE /* Debug */,
				2F3AFF881C969D33000EBEDE /* Release */,
			);
			defaultConfigurationIsVisible = 0;
			defaultConfigurationName = Release;
		};
		2F3AFF891C969D33000EBEDE /* Build configuration list for PBXNativeTarget "DemoUITests" */ = {
			isa = XCConfigurationList;
			buildConfigurations = (
				2F3AFF8A1C969D33000EBEDE /* Debug */,
				2F3AFF8B1C969D33000EBEDE /* Release */,
			);
			defaultConfigurationIsVisible = 0;
			defaultConfigurationName = Release;
		};
/* End XCConfigurationList section */
	};
	rootObject = 2F3AFF4E1C969D33000EBEDE /* Project object */;
}
